
Microsoft Visual Studio Solution File, Format Version 12.00
# Visual Studio 14
VisualStudioVersion = 14.0.23107.0
MinimumVisualStudioVersion = 10.0.40219.1
Project("{FAE04EC0-301F-11D3-BF4B-00C04F79EFBC}") = "FontEdit", "FontEdit.csproj", "{250A6E2E-581D-4BE7-BA4C-066330801094}"
EndProject
Global
	GlobalSection(SolutionConfigurationPlatforms) = preSolution
		Debug|Any CPU = Debug|Any CPU
		Release|Any CPU = Release|Any CPU
	EndGlobalSection
	GlobalSection(ProjectConfigurationPlatforms) = postSolution
		{250A6E2E-581D-4BE7-BA4C-066330801094}.Debug|Any CPU.ActiveCfg = Debug|Any CPU
		{250A6E2E-581D-4BE7-BA4C-066330801094}.Debug|Any CPU.Build.0 = Debug|Any CPU
		{250A6E2E-581D-4BE7-BA4C-066330801094}.Release|Any CPU.ActiveCfg = Release|Any CPU
		{250A6E2E-581D-4BE7-BA4C-066330801094}.Release|Any CPU.Build.0 = Release|Any CPU
	EndGlobalSection
	GlobalSection(SolutionProperties) = preSolution
		HideSolutionNode = FALSE
	EndGlobalSection
EndGlobal
